
Microsoft Visual Studio Solution File, Format Version 11.00
# Visual Studio 2010
Project("{FAE04EC0-301F-11D3-BF4B-00C04F79EFBC}") = "Genesis", "Genesis\Genesis\Genesis.csproj", "{31F458C8-6966-43FB-9396-EE1742C743E4}"
EndProject
Project("{96E2B04D-8817-42C6-938A-82C39BA4D311}") = "GenesisContent", "Genesis\GenesisContent\GenesisContent.contentproj", "{C9BE092F-5606-4C51-B971-789DA94B54F4}"
EndProject
Global
	GlobalSection(SolutionConfigurationPlatforms) = preSolution
		Debug|x86 = Debug|x86
		Release|x86 = Release|x86
	EndGlobalSection
	GlobalSection(ProjectConfigurationPlatforms) = postSolution
		{31F458C8-6966-43FB-9396-EE1742C743E4}.Debug|x86.ActiveCfg = Debug|x86
		{31F458C8-6966-43FB-9396-EE1742C743E4}.Debug|x86.Build.0 = Debug|x86
		{31F458C8-6966-43FB-9396-EE1742C743E4}.Release|x86.ActiveCfg = Release|x86
		{31F458C8-6966-43FB-9396-EE1742C743E4}.Release|x86.Build.0 = Release|x86
		{C9BE092F-5606-4C51-B971-789DA94B54F4}.Debug|x86.ActiveCfg = Debug|x86
		{C9BE092F-5606-4C51-B971-789DA94B54F4}.Release|x86.ActiveCfg = Release|x86
	EndGlobalSection
	GlobalSection(SolutionProperties) = preSolution
		HideSolutionNode = FALSE
	EndGlobalSection
EndGlobal
